
Microsoft Visual Studio Solution File, Format Version 12.00
# Visual Studio Version 17
VisualStudioVersion = 17.9.34728.123
MinimumVisualStudioVersion = 10.0.40219.1
Project("{FAE04EC0-301F-11D3-BF4B-00C04F79EFBC}") = "ConsoleApp1", "ConsoleApp1\ConsoleApp1.csproj", "{383C2BD6-D51F-4777-BD3F-66CA3D6521E0}"
EndProject
Global
	GlobalSection(SolutionConfigurationPlatforms) = preSolution
		Debug|Any CPU = Debug|Any CPU
		Release|Any CPU = Release|Any CPU
	EndGlobalSection
	GlobalSection(ProjectConfigurationPlatforms) = postSolution
		{383C2BD6-D51F-4777-BD3F-66CA3D6521E0}.Debug|Any CPU.ActiveCfg = Debug|Any CPU
		{383C2BD6-D51F-4777-BD3F-66CA3D6521E0}.Debug|Any CPU.Build.0 = Debug|Any CPU
		{383C2BD6-D51F-4777-BD3F-66CA3D6521E0}.Release|Any CPU.ActiveCfg = Release|Any CPU
		{383C2BD6-D51F-4777-BD3F-66CA3D6521E0}.Release|Any CPU.Build.0 = Release|Any CPU
	EndGlobalSection
	GlobalSection(SolutionProperties) = preSolution
		HideSolutionNode = FALSE
	EndGlobalSection
	GlobalSection(ExtensibilityGlobals) = postSolution
		SolutionGuid = {334227B0-EEC4-4F41-BDDB-40E84F472A81}
	EndGlobalSection
EndGlobal
